// !$*UTF8*$!
{
	archiveVersion = 1;
	classes = {
	};
	objectVersion = 56;
	objects = {

/* Begin PBXBuildFile section */
		1A0001012DCE000100000001 /* PeterAIApp.swift in Sources */ = {isa = PBXBuildFile; fileRef = 1A0002012DCE000100000001 /* PeterAIApp.swift */; };
		1A0001022DCE000100000001 /* ContentView.swift in Sources */ = {isa = PBXBuildFile; fileRef = 1A0002022DCE000100000001 /* ContentView.swift */; };
		1A0001032DCE000100000001 /* PeterViewModel.swift in Sources */ = {isa = PBXBuildFile; fileRef = 1A0002032DCE000100000001 /* PeterViewModel.swift */; };
		1A0001042DCE000100000001 /* ConversationLine.swift in Sources */ = {isa = PBXBuildFile; fileRef = 1A0002042DCE000100000001 /* ConversationLine.swift */; };
		1A0001052DCE000100000001 /* RealtimeClient.swift in Sources */ = {isa = PBXBuildFile; fileRef = 1A0002052DCE000100000001 /* RealtimeClient.swift */; };
		1A0001062DCE000100000001 /* AudioEngines.swift in Sources */ = {isa = PBXBuildFile; fileRef = 1A0002062DCE000100000001 /* AudioEngines.swift */; };
		1A0001072DCE000100000001 /* KeychainStore.swift in Sources */ = {isa = PBXBuildFile; fileRef = 1A0002072DCE000100000001 /* KeychainStore.swift */; };
		1A0001082DCE000100000001 /* Assets.xcassets in Resources */ = {isa = PBXBuildFile; fileRef = 1A0002092DCE000100000001 /* Assets.xcassets */; };
		1A00010C2DCE000100000001 /* WebSearchClient.swift in Sources */ = {isa = PBXBuildFile; fileRef = 1A00020D2DCE000100000001 /* WebSearchClient.swift */; };
		1A00010D2DCE000100000001 /* PhoneKeyProvider.swift in Sources */ = {isa = PBXBuildFile; fileRef = 1A00020E2DCE000100000001 /* PhoneKeyProvider.swift */; };
		1B0001012DCE000100000001 /* PeterAIWatchApp.swift in Sources */ = {isa = PBXBuildFile; fileRef = 1B0002012DCE000100000001 /* PeterAIWatchApp.swift */; };
		1B0001022DCE000100000001 /* WatchContentView.swift in Sources */ = {isa = PBXBuildFile; fileRef = 1B0002022DCE000100000001 /* WatchContentView.swift */; };
		1B0001032DCE000100000001 /* WatchPeterViewModel.swift in Sources */ = {isa = PBXBuildFile; fileRef = 1B0002032DCE000100000001 /* WatchPeterViewModel.swift */; };
		1B0001042DCE000100000001 /* WatchAudioEngines.swift in Sources */ = {isa = PBXBuildFile; fileRef = 1B0002042DCE000100000001 /* WatchAudioEngines.swift */; };
		1B0001052DCE000100000001 /* WatchKeySync.swift in Sources */ = {isa = PBXBuildFile; fileRef = 1B0002052DCE000100000001 /* WatchKeySync.swift */; };
		1B0001062DCE000100000001 /* ConversationLine.swift in Sources */ = {isa = PBXBuildFile; fileRef = 1A0002042DCE000100000001 /* ConversationLine.swift */; };
		1B0001072DCE000100000001 /* RealtimeClient.swift in Sources */ = {isa = PBXBuildFile; fileRef = 1A0002052DCE000100000001 /* RealtimeClient.swift */; };
		1B0001082DCE000100000001 /* WebSearchClient.swift in Sources */ = {isa = PBXBuildFile; fileRef = 1A00020D2DCE000100000001 /* WebSearchClient.swift */; };
		1B0001092DCE000100000001 /* KeychainStore.swift in Sources */ = {isa = PBXBuildFile; fileRef = 1A0002072DCE000100000001 /* KeychainStore.swift */; };
		1B00010A2DCE000100000001 /* Assets.xcassets in Resources */ = {isa = PBXBuildFile; fileRef = 1B0002062DCE000100000001 /* Assets.xcassets */; };
		1C0001012DCE000100000001 /* PeterAI Watch App.app in Embed Watch Content */ = {isa = PBXBuildFile; fileRef = 1B0000012DCE000100000001 /* PeterAI Watch App.app */; settings = {ATTRIBUTES = (RemoveHeadersOnCopy, ); }; };
/* End PBXBuildFile section */

/* Begin PBXContainerItemProxy section */
		1C0003012DCE000100000001 /* PBXContainerItemProxy */ = {
			isa = PBXContainerItemProxy;
			containerPortal = 1A0008012DCE000100000001 /* Project object */;
			proxyType = 1;
			remoteGlobalIDString = 1B0005012DCE000100000001;
			remoteInfo = "PeterAI Watch App";
		};
/* End PBXContainerItemProxy section */

/* Begin PBXCopyFilesBuildPhase section */
		1C0002012DCE000100000001 /* Embed Watch Content */ = {
			isa = PBXCopyFilesBuildPhase;
			buildActionMask = 2147483647;
			dstPath = "$(CONTENTS_FOLDER_PATH)/Watch";
			dstSubfolderSpec = 16;
			files = (
				1C0001012DCE000100000001 /* PeterAI Watch App.app in Embed Watch Content */,
			);
			name = "Embed Watch Content";
			runOnlyForDeploymentPostprocessing = 0;
		};
/* End PBXCopyFilesBuildPhase section */

/* Begin PBXFileReference section */
		1A0000012DCE000100000001 /* PeterAI.app */ = {isa = PBXFileReference; explicitFileType = wrapper.application; includeInIndex = 0; path = PeterAI.app; sourceTree = BUILT_PRODUCTS_DIR; };
		1A0002012DCE000100000001 /* PeterAIApp.swift */ = {isa = PBXFileReference; lastKnownFileType = sourcecode.swift; path = PeterAIApp.swift; sourceTree = "<group>"; };
		1A0002022DCE000100000001 /* ContentView.swift */ = {isa = PBXFileReference; lastKnownFileType = sourcecode.swift; path = ContentView.swift; sourceTree = "<group>"; };
		1A0002032DCE000100000001 /* PeterViewModel.swift */ = {isa = PBXFileReference; lastKnownFileType = sourcecode.swift; path = PeterViewModel.swift; sourceTree = "<group>"; };
		1A0002042DCE000100000001 /* ConversationLine.swift */ = {isa = PBXFileReference; lastKnownFileType = sourcecode.swift; path = ConversationLine.swift; sourceTree = "<group>"; };
		1A0002052DCE000100000001 /* RealtimeClient.swift */ = {isa = PBXFileReference; lastKnownFileType = sourcecode.swift; path = RealtimeClient.swift; sourceTree = "<group>"; };
		1A0002062DCE000100000001 /* AudioEngines.swift */ = {isa = PBXFileReference; lastKnownFileType = sourcecode.swift; path = AudioEngines.swift; sourceTree = "<group>"; };
		1A0002072DCE000100000001 /* KeychainStore.swift */ = {isa = PBXFileReference; lastKnownFileType = sourcecode.swift; path = KeychainStore.swift; sourceTree = "<group>"; };
		1A0002082DCE000100000001 /* Info.plist */ = {isa = PBXFileReference; lastKnownFileType = text.plist.xml; path = Info.plist; sourceTree = "<group>"; };
		1A0002092DCE000100000001 /* Assets.xcassets */ = {isa = PBXFileReference; lastKnownFileType = folder.assetcatalog; path = Assets.xcassets; sourceTree = "<group>"; };
		1A00020D2DCE000100000001 /* WebSearchClient.swift */ = {isa = PBXFileReference; lastKnownFileType = sourcecode.swift; path = WebSearchClient.swift; sourceTree = "<group>"; };
		1A00020E2DCE000100000001 /* PhoneKeyProvider.swift */ = {isa = PBXFileReference; lastKnownFileType = sourcecode.swift; path = PhoneKeyProvider.swift; sourceTree = "<group>"; };
		1B0000012DCE000100000001 /* PeterAI Watch App.app */ = {isa = PBXFileReference; explicitFileType = wrapper.application; includeInIndex = 0; path = "PeterAI Watch App.app"; sourceTree = BUILT_PRODUCTS_DIR; };
		1B0002012DCE000100000001 /* PeterAIWatchApp.swift */ = {isa = PBXFileReference; lastKnownFileType = sourcecode.swift; path = PeterAIWatchApp.swift; sourceTree = "<group>"; };
		1B0002022DCE000100000001 /* WatchContentView.swift */ = {isa = PBXFileReference; lastKnownFileType = sourcecode.swift; path = WatchContentView.swift; sourceTree = "<group>"; };
		1B0002032DCE000100000001 /* WatchPeterViewModel.swift */ = {isa = PBXFileReference; lastKnownFileType = sourcecode.swift; path = WatchPeterViewModel.swift; sourceTree = "<group>"; };
		1B0002042DCE000100000001 /* WatchAudioEngines.swift */ = {isa = PBXFileReference; lastKnownFileType = sourcecode.swift; path = WatchAudioEngines.swift; sourceTree = "<group>"; };
		1B0002052DCE000100000001 /* WatchKeySync.swift */ = {isa = PBXFileReference; lastKnownFileType = sourcecode.swift; path = WatchKeySync.swift; sourceTree = "<group>"; };
		1B0002062DCE000100000001 /* Assets.xcassets */ = {isa = PBXFileReference; lastKnownFileType = folder.assetcatalog; path = Assets.xcassets; sourceTree = "<group>"; };
/* End PBXFileReference section */

/* Begin PBXFrameworksBuildPhase section */
		1A0003012DCE000100000001 /* Frameworks */ = {
			isa = PBXFrameworksBuildPhase;
			buildActionMask = 2147483647;
			files = (
			);
			runOnlyForDeploymentPostprocessing = 0;
		};
		1B0003012DCE000100000001 /* Frameworks */ = {
			isa = PBXFrameworksBuildPhase;
			buildActionMask = 2147483647;
			files = (
			);
			runOnlyForDeploymentPostprocessing = 0;
		};
/* End PBXFrameworksBuildPhase section */

/* Begin PBXGroup section */
		1A0004012DCE000100000001 = {
			isa = PBXGroup;
			children = (
				1A0004022DCE000100000001 /* PeterAI */,
				1B0004022DCE000100000001 /* PeterAIWatch */,
				1A0004032DCE000100000001 /* Products */,
			);
			sourceTree = "<group>";
		};
		1A0004022DCE000100000001 /* PeterAI */ = {
			isa = PBXGroup;
			children = (
				1A0002012DCE000100000001 /* PeterAIApp.swift */,
				1A0002022DCE000100000001 /* ContentView.swift */,
				1A0002032DCE000100000001 /* PeterViewModel.swift */,
				1A0002042DCE000100000001 /* ConversationLine.swift */,
				1A0002052DCE000100000001 /* RealtimeClient.swift */,
				1A00020D2DCE000100000001 /* WebSearchClient.swift */,
				1A0002062DCE000100000001 /* AudioEngines.swift */,
				1A0002072DCE000100000001 /* KeychainStore.swift */,
				1A00020E2DCE000100000001 /* PhoneKeyProvider.swift */,
				1A0002092DCE000100000001 /* Assets.xcassets */,
				1A0002082DCE000100000001 /* Info.plist */,
			);
			path = PeterAI;
			sourceTree = "<group>";
		};
		1B0004022DCE000100000001 /* PeterAIWatch */ = {
			isa = PBXGroup;
			children = (
				1B0002012DCE000100000001 /* PeterAIWatchApp.swift */,
				1B0002022DCE000100000001 /* WatchContentView.swift */,
				1B0002032DCE000100000001 /* WatchPeterViewModel.swift */,
				1B0002042DCE000100000001 /* WatchAudioEngines.swift */,
				1B0002052DCE000100000001 /* WatchKeySync.swift */,
				1B0002062DCE000100000001 /* Assets.xcassets */,
			);
			path = PeterAIWatch;
			sourceTree = "<group>";
		};
		1A0004032DCE000100000001 /* Products */ = {
			isa = PBXGroup;
			children = (
				1A0000012DCE000100000001 /* PeterAI.app */,
				1B0000012DCE000100000001 /* PeterAI Watch App.app */,
			);
			name = Products;
			sourceTree = "<group>";
		};
/* End PBXGroup section */

/* Begin PBXNativeTarget section */
		1A0005012DCE000100000001 /* PeterAI */ = {
			isa = PBXNativeTarget;
			buildConfigurationList = 1A0009012DCE000100000001 /* Build configuration list for PBXNativeTarget "PeterAI" */;
			buildPhases = (
				1A0006012DCE000100000001 /* Sources */,
				1A0003012DCE000100000001 /* Frameworks */,
				1A0007012DCE000100000001 /* Resources */,
				1C0002012DCE000100000001 /* Embed Watch Content */,
			);
			buildRules = (
			);
			dependencies = (
				1C0003022DCE000100000001 /* PBXTargetDependency */,
			);
			name = PeterAI;
			productName = PeterAI;
			productReference = 1A0000012DCE000100000001 /* PeterAI.app */;
			productType = "com.apple.product-type.application";
		};
		1B0005012DCE000100000001 /* PeterAI Watch App */ = {
			isa = PBXNativeTarget;
			buildConfigurationList = 1B0009012DCE000100000001 /* Build configuration list for PBXNativeTarget "PeterAI Watch App" */;
			buildPhases = (
				1B0006012DCE000100000001 /* Sources */,
				1B0003012DCE000100000001 /* Frameworks */,
				1B0007012DCE000100000001 /* Resources */,
			);
			buildRules = (
			);
			dependencies = (
			);
			name = "PeterAI Watch App";
			productName = "PeterAI Watch App";
			productReference = 1B0000012DCE000100000001 /* PeterAI Watch App.app */;
			productType = "com.apple.product-type.application";
		};
/* End PBXNativeTarget section */

/* Begin PBXProject section */
		1A0008012DCE000100000001 /* Project object */ = {
			isa = PBXProject;
			attributes = {
				BuildIndependentTargetsInParallel = 1;
				LastSwiftUpdateCheck = 1630;
				LastUpgradeCheck = 1630;
				TargetAttributes = {
					1A0005012DCE000100000001 = {
						CreatedOnToolsVersion = 16.3;
						ProvisioningStyle = Automatic;
					};
					1B0005012DCE000100000001 = {
						CreatedOnToolsVersion = 16.3;
						ProvisioningStyle = Automatic;
					};
				};
			};
			buildConfigurationList = 1A0009022DCE000100000001 /* Build configuration list for PBXProject "PeterAI" */;
			compatibilityVersion = "Xcode 14.0";
			developmentRegion = en;
			hasScannedForEncodings = 0;
			knownRegions = (
				en,
				Base,
			);
			mainGroup = 1A0004012DCE000100000001;
			productRefGroup = 1A0004032DCE000100000001 /* Products */;
			projectDirPath = "";
			projectRoot = "";
			targets = (
				1A0005012DCE000100000001 /* PeterAI */,
				1B0005012DCE000100000001 /* PeterAI Watch App */,
			);
		};
/* End PBXProject section */

/* Begin PBXResourcesBuildPhase section */
		1A0007012DCE000100000001 /* Resources */ = {
			isa = PBXResourcesBuildPhase;
			buildActionMask = 2147483647;
			files = (
				1A0001082DCE000100000001 /* Assets.xcassets in Resources */,
			);
			runOnlyForDeploymentPostprocessing = 0;
		};
		1B0007012DCE000100000001 /* Resources */ = {
			isa = PBXResourcesBuildPhase;
			buildActionMask = 2147483647;
			files = (
				1B00010A2DCE000100000001 /* Assets.xcassets in Resources */,
			);
			runOnlyForDeploymentPostprocessing = 0;
		};
/* End PBXResourcesBuildPhase section */

/* Begin PBXSourcesBuildPhase section */
		1A0006012DCE000100000001 /* Sources */ = {
			isa = PBXSourcesBuildPhase;
			buildActionMask = 2147483647;
			files = (
				1A0001012DCE000100000001 /* PeterAIApp.swift in Sources */,
				1A0001022DCE000100000001 /* ContentView.swift in Sources */,
				1A0001032DCE000100000001 /* PeterViewModel.swift in Sources */,
				1A0001042DCE000100000001 /* ConversationLine.swift in Sources */,
				1A0001052DCE000100000001 /* RealtimeClient.swift in Sources */,
				1A00010C2DCE000100000001 /* WebSearchClient.swift in Sources */,
				1A0001062DCE000100000001 /* AudioEngines.swift in Sources */,
				1A0001072DCE000100000001 /* KeychainStore.swift in Sources */,
				1A00010D2DCE000100000001 /* PhoneKeyProvider.swift in Sources */,
			);
			runOnlyForDeploymentPostprocessing = 0;
		};
		1B0006012DCE000100000001 /* Sources */ = {
			isa = PBXSourcesBuildPhase;
			buildActionMask = 2147483647;
			files = (
				1B0001012DCE000100000001 /* PeterAIWatchApp.swift in Sources */,
				1B0001022DCE000100000001 /* WatchContentView.swift in Sources */,
				1B0001032DCE000100000001 /* WatchPeterViewModel.swift in Sources */,
				1B0001042DCE000100000001 /* WatchAudioEngines.swift in Sources */,
				1B0001052DCE000100000001 /* WatchKeySync.swift in Sources */,
				1B0001062DCE000100000001 /* ConversationLine.swift in Sources */,
				1B0001072DCE000100000001 /* RealtimeClient.swift in Sources */,
				1B0001082DCE000100000001 /* WebSearchClient.swift in Sources */,
				1B0001092DCE000100000001 /* KeychainStore.swift in Sources */,
			);
			runOnlyForDeploymentPostprocessing = 0;
		};
/* End PBXSourcesBuildPhase section */

/* Begin PBXTargetDependency section */
		1C0003022DCE000100000001 /* PBXTargetDependency */ = {
			isa = PBXTargetDependency;
			target = 1B0005012DCE000100000001 /* PeterAI Watch App */;
			targetProxy = 1C0003012DCE000100000001 /* PBXContainerItemProxy */;
		};
/* End PBXTargetDependency section */

/* Begin XCBuildConfiguration section */
		1A000A012DCE000100000001 /* Debug */ = {
			isa = XCBuildConfiguration;
			buildSettings = {
				ALWAYS_SEARCH_USER_PATHS = NO;
				CLANG_ANALYZER_NONNULL = YES;
				CLANG_ANALYZER_NUMBER_OBJECT_CONVERSION = YES_AGGRESSIVE;
				CLANG_CXX_LANGUAGE_STANDARD = "gnu++20";
				CLANG_ENABLE_MODULES = YES;
				CLANG_ENABLE_OBJC_ARC = YES;
				CLANG_ENABLE_OBJC_WEAK = YES;
				CLANG_WARN_BLOCK_CAPTURE_AUTORELEASING = YES;
				CLANG_WARN_BOOL_CONVERSION = YES;
				CLANG_WARN_COMMA = YES;
				CLANG_WARN_CONSTANT_CONVERSION = YES;
				CLANG_WARN_DEPRECATED_OBJC_IMPLEMENTATIONS = YES;
				CLANG_WARN_DIRECT_OBJC_ISA_USAGE = YES_ERROR;
				CLANG_WARN_DOCUMENTATION_COMMENTS = YES;
				CLANG_WARN_EMPTY_BODY = YES;
				CLANG_WARN_ENUM_CONVERSION = YES;
				CLANG_WARN_INFINITE_RECURSION = YES;
				CLANG_WARN_INT_CONVERSION = YES;
				CLANG_WARN_NON_LITERAL_NULL_CONVERSION = YES;
				CLANG_WARN_OBJC_IMPLICIT_RETAIN_SELF = YES;
				CLANG_WARN_OBJC_LITERAL_CONVERSION = YES;
				CLANG_WARN_OBJC_ROOT_CLASS = YES_ERROR;
				CLANG_WARN_QUOTED_INCLUDE_IN_FRAMEWORK_HEADER = YES;
				CLANG_WARN_RANGE_LOOP_ANALYSIS = YES;
				CLANG_WARN_STRICT_PROTOTYPES = YES;
				CLANG_WARN_SUSPICIOUS_MOVE = YES;
				CLANG_WARN_UNGUARDED_AVAILABILITY = YES_AGGRESSIVE;
				CLANG_WARN_UNREACHABLE_CODE = YES;
				CLANG_WARN__DUPLICATE_METHOD_MATCH = YES;
				COPY_PHASE_STRIP = NO;
				DEBUG_INFORMATION_FORMAT = dwarf;
				ENABLE_STRICT_OBJC_MSGSEND = YES;
				ENABLE_TESTABILITY = YES;
				ENABLE_USER_SCRIPT_SANDBOXING = YES;
				GCC_C_LANGUAGE_STANDARD = gnu17;
				GCC_DYNAMIC_NO_PIC = NO;
				GCC_NO_COMMON_BLOCKS = YES;
				GCC_OPTIMIZATION_LEVEL = 0;
				GCC_PREPROCESSOR_DEFINITIONS = (
					"DEBUG=1",
					"$(inherited)",
				);
				GCC_WARN_64_TO_32_BIT_CONVERSION = YES;
				GCC_WARN_ABOUT_RETURN_TYPE = YES_ERROR;
				GCC_WARN_UNDECLARED_SELECTOR = YES;
				GCC_WARN_UNINITIALIZED_AUTOS = YES_AGGRESSIVE;
				GCC_WARN_UNUSED_FUNCTION = YES;
				GCC_WARN_UNUSED_VARIABLE = YES;
				IPHONEOS_DEPLOYMENT_TARGET = 17.0;
				LOCALIZATION_PREFERS_STRING_CATALOGS = YES;
				MTL_ENABLE_DEBUG_INFO = INCLUDE_SOURCE;
				MTL_FAST_MATH = YES;
				ONLY_ACTIVE_ARCH = YES;
				SDKROOT = iphoneos;
				SWIFT_ACTIVE_COMPILATION_CONDITIONS = "DEBUG $(inherited)";
				SWIFT_OPTIMIZATION_LEVEL = "-Onone";
			};
			name = Debug;
		};
		1A000A022DCE000100000001 /* Release */ = {
			isa = XCBuildConfiguration;
			buildSettings = {
				ALWAYS_SEARCH_USER_PATHS = NO;
				CLANG_ANALYZER_NONNULL = YES;
				CLANG_ANALYZER_NUMBER_OBJECT_CONVERSION = YES_AGGRESSIVE;
				CLANG_CXX_LANGUAGE_STANDARD = "gnu++20";
				CLANG_ENABLE_MODULES = YES;
				CLANG_ENABLE_OBJC_ARC = YES;
				CLANG_ENABLE_OBJC_WEAK = YES;
				CLANG_WARN_BLOCK_CAPTURE_AUTORELEASING = YES;
				CLANG_WARN_BOOL_CONVERSION = YES;
				CLANG_WARN_COMMA = YES;
				CLANG_WARN_CONSTANT_CONVERSION = YES;
				CLANG_WARN_DEPRECATED_OBJC_IMPLEMENTATIONS = YES;
				CLANG_WARN_DIRECT_OBJC_ISA_USAGE = YES_ERROR;
				CLANG_WARN_DOCUMENTATION_COMMENTS = YES;
				CLANG_WARN_EMPTY_BODY = YES;
				CLANG_WARN_ENUM_CONVERSION = YES;
				CLANG_WARN_INFINITE_RECURSION = YES;
				CLANG_WARN_INT_CONVERSION = YES;
				CLANG_WARN_NON_LITERAL_NULL_CONVERSION = YES;
				CLANG_WARN_OBJC_IMPLICIT_RETAIN_SELF = YES;
				CLANG_WARN_OBJC_LITERAL_CONVERSION = YES;
				CLANG_WARN_OBJC_ROOT_CLASS = YES_ERROR;
				CLANG_WARN_QUOTED_INCLUDE_IN_FRAMEWORK_HEADER = YES;
				CLANG_WARN_RANGE_LOOP_ANALYSIS = YES;
				CLANG_WARN_STRICT_PROTOTYPES = YES;
				CLANG_WARN_SUSPICIOUS_MOVE = YES;
				CLANG_WARN_UNGUARDED_AVAILABILITY = YES_AGGRESSIVE;
				CLANG_WARN_UNREACHABLE_CODE = YES;
				CLANG_WARN__DUPLICATE_METHOD_MATCH = YES;
				COPY_PHASE_STRIP = NO;
				DEBUG_INFORMATION_FORMAT = "dwarf-with-dsym";
				ENABLE_NS_ASSERTIONS = NO;
				ENABLE_STRICT_OBJC_MSGSEND = YES;
				ENABLE_USER_SCRIPT_SANDBOXING = YES;
				GCC_C_LANGUAGE_STANDARD = gnu17;
				GCC_NO_COMMON_BLOCKS = YES;
				GCC_WARN_64_TO_32_BIT_CONVERSION = YES;
				GCC_WARN_ABOUT_RETURN_TYPE = YES_ERROR;
				GCC_WARN_UNDECLARED_SELECTOR = YES;
				GCC_WARN_UNINITIALIZED_AUTOS = YES_AGGRESSIVE;
				GCC_WARN_UNUSED_FUNCTION = YES;
				GCC_WARN_UNUSED_VARIABLE = YES;
				IPHONEOS_DEPLOYMENT_TARGET = 17.0;
				LOCALIZATION_PREFERS_STRING_CATALOGS = YES;
				MTL_ENABLE_DEBUG_INFO = NO;
				MTL_FAST_MATH = YES;
				SDKROOT = iphoneos;
				SWIFT_COMPILATION_MODE = wholemodule;
				VALIDATE_PRODUCT = YES;
			};
			name = Release;
		};
		1A000A032DCE000100000001 /* Debug */ = {
			isa = XCBuildConfiguration;
			buildSettings = {
				ASSETCATALOG_COMPILER_APPICON_NAME = AppIcon;
				ASSETCATALOG_COMPILER_GLOBAL_ACCENT_COLOR_NAME = AccentColor;
				CODE_SIGN_STYLE = Automatic;
				CURRENT_PROJECT_VERSION = 13;
				DEVELOPMENT_ASSET_PATHS = "";
				DEVELOPMENT_TEAM = NN97Q9PLU5;
				GENERATE_INFOPLIST_FILE = NO;
				INFOPLIST_FILE = PeterAI/Info.plist;
				IPHONEOS_DEPLOYMENT_TARGET = 17.0;
				LD_RUNPATH_SEARCH_PATHS = (
					"$(inherited)",
					"@executable_path/Frameworks",
				);
				MARKETING_VERSION = 1.0;
				PRODUCT_BUNDLE_IDENTIFIER = com.diegocabezas2.peterai;
				PRODUCT_NAME = "$(TARGET_NAME)";
				SUPPORTED_PLATFORMS = "iphoneos iphonesimulator";
				SUPPORTS_MACCATALYST = NO;
				SUPPORTS_MAC_DESIGNED_FOR_IPHONE_IPAD = NO;
				SWIFT_EMIT_LOC_STRINGS = YES;
				SWIFT_VERSION = 5.0;
				TARGETED_DEVICE_FAMILY = 1;
			};
			name = Debug;
		};
		1A000A042DCE000100000001 /* Release */ = {
			isa = XCBuildConfiguration;
			buildSettings = {
				ASSETCATALOG_COMPILER_APPICON_NAME = AppIcon;
				ASSETCATALOG_COMPILER_GLOBAL_ACCENT_COLOR_NAME = AccentColor;
				CODE_SIGN_STYLE = Automatic;
				CURRENT_PROJECT_VERSION = 13;
				DEVELOPMENT_ASSET_PATHS = "";
				DEVELOPMENT_TEAM = NN97Q9PLU5;
				GENERATE_INFOPLIST_FILE = NO;
				INFOPLIST_FILE = PeterAI/Info.plist;
				IPHONEOS_DEPLOYMENT_TARGET = 17.0;
				LD_RUNPATH_SEARCH_PATHS = (
					"$(inherited)",
					"@executable_path/Frameworks",
				);
				MARKETING_VERSION = 1.0;
				PRODUCT_BUNDLE_IDENTIFIER = com.diegocabezas2.peterai;
				PRODUCT_NAME = "$(TARGET_NAME)";
				SUPPORTED_PLATFORMS = "iphoneos iphonesimulator";
				SUPPORTS_MACCATALYST = NO;
				SUPPORTS_MAC_DESIGNED_FOR_IPHONE_IPAD = NO;
				SWIFT_EMIT_LOC_STRINGS = YES;
				SWIFT_VERSION = 5.0;
				TARGETED_DEVICE_FAMILY = 1;
			};
			name = Release;
		};
		1B000A032DCE000100000001 /* Debug */ = {
			isa = XCBuildConfiguration;
			buildSettings = {
				ASSETCATALOG_COMPILER_APPICON_NAME = AppIcon;
				ASSETCATALOG_COMPILER_GLOBAL_ACCENT_COLOR_NAME = AccentColor;
				CODE_SIGN_STYLE = Automatic;
				CURRENT_PROJECT_VERSION = 7;
				DEVELOPMENT_TEAM = NN97Q9PLU5;
				GENERATE_INFOPLIST_FILE = YES;
				INFOPLIST_KEY_CFBundleDisplayName = PeterAI;
				INFOPLIST_KEY_NSMicrophoneUsageDescription = "PeterAI needs microphone access so you can talk with Peter from Apple Watch.";
				INFOPLIST_KEY_UISupportedInterfaceOrientations = "UIInterfaceOrientationPortrait UIInterfaceOrientationPortraitUpsideDown";
				INFOPLIST_KEY_WKCompanionAppBundleIdentifier = com.diegocabezas2.peterai;
				LD_RUNPATH_SEARCH_PATHS = "$(inherited) @executable_path/Frameworks";
				MARKETING_VERSION = 1.0;
				ONLY_ACTIVE_ARCH = YES;
				PRODUCT_BUNDLE_IDENTIFIER = com.diegocabezas2.peterai.watchkitapp;
				PRODUCT_NAME = "PeterAI Watch App";
				SDKROOT = watchos;
				SKIP_INSTALL = YES;
				SUPPORTED_PLATFORMS = "watchos watchsimulator";
				SUPPORTS_MACCATALYST = NO;
				SUPPORTS_MAC_DESIGNED_FOR_IPHONE_IPAD = NO;
				SWIFT_EMIT_LOC_STRINGS = YES;
				SWIFT_VERSION = 5.0;
				TARGETED_DEVICE_FAMILY = 4;
				WATCHOS_DEPLOYMENT_TARGET = 10.0;
			};
			name = Debug;
		};
		1B000A042DCE000100000001 /* Release */ = {
			isa = XCBuildConfiguration;
			buildSettings = {
				ASSETCATALOG_COMPILER_APPICON_NAME = AppIcon;
				ASSETCATALOG_COMPILER_GLOBAL_ACCENT_COLOR_NAME = AccentColor;
				CODE_SIGN_STYLE = Automatic;
				CURRENT_PROJECT_VERSION = 7;
				DEVELOPMENT_TEAM = NN97Q9PLU5;
				GENERATE_INFOPLIST_FILE = YES;
				INFOPLIST_KEY_CFBundleDisplayName = PeterAI;
				INFOPLIST_KEY_NSMicrophoneUsageDescription = "PeterAI needs microphone access so you can talk with Peter from Apple Watch.";
				INFOPLIST_KEY_UISupportedInterfaceOrientations = "UIInterfaceOrientationPortrait UIInterfaceOrientationPortraitUpsideDown";
				INFOPLIST_KEY_WKCompanionAppBundleIdentifier = com.diegocabezas2.peterai;
				LD_RUNPATH_SEARCH_PATHS = "$(inherited) @executable_path/Frameworks";
				MARKETING_VERSION = 1.0;
				PRODUCT_BUNDLE_IDENTIFIER = com.diegocabezas2.peterai.watchkitapp;
				PRODUCT_NAME = "PeterAI Watch App";
				SDKROOT = watchos;
				SKIP_INSTALL = YES;
				SUPPORTED_PLATFORMS = "watchos watchsimulator";
				SUPPORTS_MACCATALYST = NO;
				SUPPORTS_MAC_DESIGNED_FOR_IPHONE_IPAD = NO;
				SWIFT_EMIT_LOC_STRINGS = YES;
				SWIFT_VERSION = 5.0;
				TARGETED_DEVICE_FAMILY = 4;
				VALIDATE_PRODUCT = YES;
				WATCHOS_DEPLOYMENT_TARGET = 10.0;
			};
			name = Release;
		};
/* End XCBuildConfiguration section */

/* Begin XCConfigurationList section */
		1A0009012DCE000100000001 /* Build configuration list for PBXNativeTarget "PeterAI" */ = {
			isa = XCConfigurationList;
			buildConfigurations = (
				1A000A032DCE000100000001 /* Debug */,
				1A000A042DCE000100000001 /* Release */,
			);
			defaultConfigurationIsVisible = 0;
			defaultConfigurationName = Release;
		};
		1B0009012DCE000100000001 /* Build configuration list for PBXNativeTarget "PeterAI Watch App" */ = {
			isa = XCConfigurationList;
			buildConfigurations = (
				1B000A032DCE000100000001 /* Debug */,
				1B000A042DCE000100000001 /* Release */,
			);
			defaultConfigurationIsVisible = 0;
			defaultConfigurationName = Release;
		};
		1A0009022DCE000100000001 /* Build configuration list for PBXProject "PeterAI" */ = {
			isa = XCConfigurationList;
			buildConfigurations = (
				1A000A012DCE000100000001 /* Debug */,
				1A000A022DCE000100000001 /* Release */,
			);
			defaultConfigurationIsVisible = 0;
			defaultConfigurationName = Release;
		};
/* End XCConfigurationList section */
	};
	rootObject = 1A0008012DCE000100000001 /* Project object */;
}
